
Microsoft Visual Studio Solution File, Format Version 12.00
# Visual Studio Version 16
VisualStudioVersion = 16.0.30114.105
MinimumVisualStudioVersion = 10.0.40219.1
Project("{9A19103F-16F7-4668-BE54-9A1E7A4F7556}") = "DataStructures", "src\DataStructures.csproj", "{BA5ED035-937E-4E68-A4CE-2C2BFBF08488}"
EndProject
Project("{9A19103F-16F7-4668-BE54-9A1E7A4F7556}") = "DataStructuresTests", "tests\DataStructuresTests.csproj", "{2A274093-8185-4B79-9650-200B32D91096}"
EndProject
Global
	GlobalSection(SolutionConfigurationPlatforms) = preSolution
		Debug|Any CPU = Debug|Any CPU
		Release|Any CPU = Release|Any CPU
	EndGlobalSection
	GlobalSection(ProjectConfigurationPlatforms) = postSolution
		{BA5ED035-937E-4E68-A4CE-2C2BFBF08488}.Debug|Any CPU.ActiveCfg = Debug|Any CPU
		{BA5ED035-937E-4E68-A4CE-2C2BFBF08488}.Debug|Any CPU.Build.0 = Debug|Any CPU
		{BA5ED035-937E-4E68-A4CE-2C2BFBF08488}.Release|Any CPU.ActiveCfg = Release|Any CPU
		{BA5ED035-937E-4E68-A4CE-2C2BFBF08488}.Release|Any CPU.Build.0 = Release|Any CPU
		{2A274093-8185-4B79-9650-200B32D91096}.Debug|Any CPU.ActiveCfg = Debug|Any CPU
		{2A274093-8185-4B79-9650-200B32D91096}.Debug|Any CPU.Build.0 = Debug|Any CPU
		{2A274093-8185-4B79-9650-200B32D91096}.Release|Any CPU.ActiveCfg = Release|Any CPU
		{2A274093-8185-4B79-9650-200B32D91096}.Release|Any CPU.Build.0 = Release|Any CPU
	EndGlobalSection
	GlobalSection(SolutionProperties) = preSolution
		HideSolutionNode = FALSE
	EndGlobalSection
	GlobalSection(ExtensibilityGlobals) = postSolution
		SolutionGuid = {1B6063DE-321C-4CFF-A755-269DFED04C6F}
	EndGlobalSection
EndGlobal
